{
  "name": "audio",
  "version": "1.0.0",
  "lockfileVersion": 3,
  "requires": true,
  "packages": {
    "": {
      "name": "audio",
      "version": "1.0.0",
      "license": "ISC",
      "dependencies": {
        "google-translate-tts": "^0.4.0-dev"
      }
    },
    "node_modules/google-translate-tts": {
      "version": "0.4.0-dev",
      "resolved": "https://registry.npmjs.org/google-translate-tts/-/google-translate-tts-0.4.0-dev.tgz",
      "integrity": "sha512-UioovR3V/17rDBMVFkKTXcJPWSTwjxcqe9GKhmZqqwVlnUThY4SKQ5NJdmEuIGzlzj0apHGPQRShDz7I347+vw==",
      "license": "MIT"
    }
  }
}
